
Microsoft Visual Studio Solution File, Format Version 12.00
# Visual Studio Version 17
VisualStudioVersion = 17.10.35027.167
MinimumVisualStudioVersion = 10.0.40219.1
Project("{FAE04EC0-301F-11D3-BF4B-00C04F79EFBC}") = "SnmpV3Cre", "SnmpV3Cre\SnmpV3Cre.csproj", "{064E7CEE-801F-40B0-ADE4-D41686C42E38}"
EndProject
Global
	GlobalSection(SolutionConfigurationPlatforms) = preSolution
		Debug|Any CPU = Debug|Any CPU
		Release|Any CPU = Release|Any CPU
	EndGlobalSection
	GlobalSection(ProjectConfigurationPlatforms) = postSolution
		{064E7CEE-801F-40B0-ADE4-D41686C42E38}.Debug|Any CPU.ActiveCfg = Debug|Any CPU
		{064E7CEE-801F-40B0-ADE4-D41686C42E38}.Debug|Any CPU.Build.0 = Debug|Any CPU
		{064E7CEE-801F-40B0-ADE4-D41686C42E38}.Release|Any CPU.ActiveCfg = Release|Any CPU
		{064E7CEE-801F-40B0-ADE4-D41686C42E38}.Release|Any CPU.Build.0 = Release|Any CPU
	EndGlobalSection
	GlobalSection(SolutionProperties) = preSolution
		HideSolutionNode = FALSE
	EndGlobalSection
	GlobalSection(ExtensibilityGlobals) = postSolution
		SolutionGuid = {8087F6C2-AE69-4997-B755-E37196D00BE2}
	EndGlobalSection
EndGlobal
